
Microsoft Visual Studio Solution File, Format Version 12.00
# Visual Studio Version 17
VisualStudioVersion = 17.7.34221.43
MinimumVisualStudioVersion = 10.0.40219.1
Project("{9A19103F-16F7-4668-BE54-9A1E7A4F7556}") = "ECommerce-History.api", "ECommerce-History.api\ECommerce-History.api.csproj", "{589630AD-5866-4509-9217-21EE2AA3FC7C}"
EndProject
Project("{9A19103F-16F7-4668-BE54-9A1E7A4F7556}") = "POLYGLOT.Cross.Event", "POLYGLOT.Cross.Event\POLYGLOT.Cross.Event.csproj", "{426AA7FB-27E2-4477-A9FB-03CD3CED2750}"
EndProject
Global
	GlobalSection(SolutionConfigurationPlatforms) = preSolution
		Debug|Any CPU = Debug|Any CPU
		Release|Any CPU = Release|Any CPU
	EndGlobalSection
	GlobalSection(ProjectConfigurationPlatforms) = postSolution
		{589630AD-5866-4509-9217-21EE2AA3FC7C}.Debug|Any CPU.ActiveCfg = Debug|Any CPU
		{589630AD-5866-4509-9217-21EE2AA3FC7C}.Debug|Any CPU.Build.0 = Debug|Any CPU
		{589630AD-5866-4509-9217-21EE2AA3FC7C}.Release|Any CPU.ActiveCfg = Release|Any CPU
		{589630AD-5866-4509-9217-21EE2AA3FC7C}.Release|Any CPU.Build.0 = Release|Any CPU
		{426AA7FB-27E2-4477-A9FB-03CD3CED2750}.Debug|Any CPU.ActiveCfg = Debug|Any CPU
		{426AA7FB-27E2-4477-A9FB-03CD3CED2750}.Debug|Any CPU.Build.0 = Debug|Any CPU
		{426AA7FB-27E2-4477-A9FB-03CD3CED2750}.Release|Any CPU.ActiveCfg = Release|Any CPU
		{426AA7FB-27E2-4477-A9FB-03CD3CED2750}.Release|Any CPU.Build.0 = Release|Any CPU
	EndGlobalSection
	GlobalSection(SolutionProperties) = preSolution
		HideSolutionNode = FALSE
	EndGlobalSection
	GlobalSection(ExtensibilityGlobals) = postSolution
		SolutionGuid = {24B130A2-ED57-4CF4-AFEA-3669D0A59E51}
	EndGlobalSection
EndGlobal
