
Microsoft Visual Studio Solution File, Format Version 12.00
# Visual Studio Version 17
VisualStudioVersion = 17.6.33723.286
MinimumVisualStudioVersion = 10.0.40219.1
Project("{FAE04EC0-301F-11D3-BF4B-00C04F79EFBC}") = "ECommerce-NetCore", "ECommerce-NetCore\ECommerce-NetCore.csproj", "{C1EF1125-28A3-48C1-A446-47D06B98F67F}"
EndProject
Project("{FAE04EC0-301F-11D3-BF4B-00C04F79EFBC}") = "ECommerce-NetCore.Services", "ECommerce-NetCore.Services\ECommerce-NetCore.Services.csproj", "{2D0F4551-9C7D-4D5C-9E14-BCA53B5B7753}"
EndProject
Project("{FAE04EC0-301F-11D3-BF4B-00C04F79EFBC}") = "ECommerce-NetCore.DataAccess", "ECommerce-NetCore.DataAccess\ECommerce-NetCore.DataAccess.csproj", "{4F842205-63F7-41DE-B6F4-2E171C65B606}"
EndProject
Project("{FAE04EC0-301F-11D3-BF4B-00C04F79EFBC}") = "ECommerce-NetCore.Entities", "ECommerce-NetCore.Entities\ECommerce-NetCore.Entities.csproj", "{7F757F58-AFD0-4139-9C60-6EACFBFA209F}"
EndProject
Project("{FAE04EC0-301F-11D3-BF4B-00C04F79EFBC}") = "ECommerce-NetCore.Dto", "ECommerce-NetCore.Dto\ECommerce-NetCore.Dto.csproj", "{F3757D2A-DA94-41B1-8C4A-05FB1E126B6F}"
EndProject
Global
	GlobalSection(SolutionConfigurationPlatforms) = preSolution
		Debug|Any CPU = Debug|Any CPU
		Release|Any CPU = Release|Any CPU
	EndGlobalSection
	GlobalSection(ProjectConfigurationPlatforms) = postSolution
		{C1EF1125-28A3-48C1-A446-47D06B98F67F}.Debug|Any CPU.ActiveCfg = Debug|Any CPU
		{C1EF1125-28A3-48C1-A446-47D06B98F67F}.Debug|Any CPU.Build.0 = Debug|Any CPU
		{C1EF1125-28A3-48C1-A446-47D06B98F67F}.Release|Any CPU.ActiveCfg = Release|Any CPU
		{C1EF1125-28A3-48C1-A446-47D06B98F67F}.Release|Any CPU.Build.0 = Release|Any CPU
		{2D0F4551-9C7D-4D5C-9E14-BCA53B5B7753}.Debug|Any CPU.ActiveCfg = Debug|Any CPU
		{2D0F4551-9C7D-4D5C-9E14-BCA53B5B7753}.Debug|Any CPU.Build.0 = Debug|Any CPU
		{2D0F4551-9C7D-4D5C-9E14-BCA53B5B7753}.Release|Any CPU.ActiveCfg = Release|Any CPU
		{2D0F4551-9C7D-4D5C-9E14-BCA53B5B7753}.Release|Any CPU.Build.0 = Release|Any CPU
		{4F842205-63F7-41DE-B6F4-2E171C65B606}.Debug|Any CPU.ActiveCfg = Debug|Any CPU
		{4F842205-63F7-41DE-B6F4-2E171C65B606}.Debug|Any CPU.Build.0 = Debug|Any CPU
		{4F842205-63F7-41DE-B6F4-2E171C65B606}.Release|Any CPU.ActiveCfg = Release|Any CPU
		{4F842205-63F7-41DE-B6F4-2E171C65B606}.Release|Any CPU.Build.0 = Release|Any CPU
		{7F757F58-AFD0-4139-9C60-6EACFBFA209F}.Debug|Any CPU.ActiveCfg = Debug|Any CPU
		{7F757F58-AFD0-4139-9C60-6EACFBFA209F}.Debug|Any CPU.Build.0 = Debug|Any CPU
		{7F757F58-AFD0-4139-9C60-6EACFBFA209F}.Release|Any CPU.ActiveCfg = Release|Any CPU
		{7F757F58-AFD0-4139-9C60-6EACFBFA209F}.Release|Any CPU.Build.0 = Release|Any CPU
		{F3757D2A-DA94-41B1-8C4A-05FB1E126B6F}.Debug|Any CPU.ActiveCfg = Debug|Any CPU
		{F3757D2A-DA94-41B1-8C4A-05FB1E126B6F}.Debug|Any CPU.Build.0 = Debug|Any CPU
		{F3757D2A-DA94-41B1-8C4A-05FB1E126B6F}.Release|Any CPU.ActiveCfg = Release|Any CPU
		{F3757D2A-DA94-41B1-8C4A-05FB1E126B6F}.Release|Any CPU.Build.0 = Release|Any CPU
	EndGlobalSection
	GlobalSection(SolutionProperties) = preSolution
		HideSolutionNode = FALSE
	EndGlobalSection
	GlobalSection(ExtensibilityGlobals) = postSolution
		SolutionGuid = {1576F3BC-0898-4BD6-BF19-2B6DD89C7BB1}
	EndGlobalSection
EndGlobal
